// !$*UTF8*$!
{
	archiveVersion = 1;
	classes = {
	};
	objectVersion = 50;
	objects = {

/* Begin PBXBuildFile section */
		A612CDFA233502C4005424BA /* initShader.c in Sources */ = {isa = PBXBuildFile; fileRef = A6293FC12326C14500DE8557 /* initShader.c */; };
		A612CDFD233502C4005424BA /* GLUT.framework in Frameworks */ = {isa = PBXBuildFile; fileRef = A6EE5A74231EDAE300223C48 /* GLUT.framework */; };
		A612CDFE233502C4005424BA /* OpenGL.framework in Frameworks */ = {isa = PBXBuildFile; fileRef = A6EE5A72231EDADF00223C48 /* OpenGL.framework */; };
		A612CE00233502C4005424BA /* fshader.glsl in CopyFiles */ = {isa = PBXBuildFile; fileRef = A6293FC02326C14500DE8557 /* fshader.glsl */; };
		A612CE01233502C4005424BA /* vshader.glsl in CopyFiles */ = {isa = PBXBuildFile; fileRef = A6293FC22326C14600DE8557 /* vshader.glsl */; };
		A66447B82335042200423FD0 /* cone.c in Sources */ = {isa = PBXBuildFile; fileRef = A6293FC32326C14600DE8557 /* cone.c */; };
/* End PBXBuildFile section */

/* Begin PBXCopyFilesBuildPhase section */
		A612CDFF233502C4005424BA /* CopyFiles */ = {
			isa = PBXCopyFilesBuildPhase;
			buildActionMask = 2147483647;
			dstPath = "";
			dstSubfolderSpec = 16;
			files = (
				A612CE00233502C4005424BA /* fshader.glsl in CopyFiles */,
				A612CE01233502C4005424BA /* vshader.glsl in CopyFiles */,
			);
			runOnlyForDeploymentPostprocessing = 0;
		};
/* End PBXCopyFilesBuildPhase section */

/* Begin PBXFileReference section */
		A612CE05233502C4005424BA /* lab3 */ = {isa = PBXFileReference; explicitFileType = "compiled.mach-o.executable"; includeInIndex = 0; path = lab3; sourceTree = BUILT_PRODUCTS_DIR; };
		A6293FC02326C14500DE8557 /* fshader.glsl */ = {isa = PBXFileReference; fileEncoding = 4; lastKnownFileType = text; path = fshader.glsl; sourceTree = SOURCE_ROOT; };
		A6293FC12326C14500DE8557 /* initShader.c */ = {isa = PBXFileReference; fileEncoding = 4; lastKnownFileType = sourcecode.c.c; path = initShader.c; sourceTree = SOURCE_ROOT; };
		A6293FC22326C14600DE8557 /* vshader.glsl */ = {isa = PBXFileReference; fileEncoding = 4; lastKnownFileType = text; path = vshader.glsl; sourceTree = SOURCE_ROOT; };
		A6293FC32326C14600DE8557 /* cone.c */ = {isa = PBXFileReference; fileEncoding = 4; lastKnownFileType = sourcecode.c.c; path = cone.c; sourceTree = SOURCE_ROOT; };
		A6293FC42326C14600DE8557 /* initShader.h */ = {isa = PBXFileReference; fileEncoding = 4; lastKnownFileType = sourcecode.c.h; path = initShader.h; sourceTree = SOURCE_ROOT; };
		A684795F233537DC00055B67 /* lab3.c */ = {isa = PBXFileReference; lastKnownFileType = sourcecode.c.c; path = lab3.c; sourceTree = "<group>"; };
		A6847960233537DC00055B67 /* lab3.h */ = {isa = PBXFileReference; lastKnownFileType = sourcecode.c.h; path = lab3.h; sourceTree = "<group>"; };
		A6CB36B2232AD67600ADFAE4 /* fshader_ctm.glsl */ = {isa = PBXFileReference; lastKnownFileType = text; path = fshader_ctm.glsl; sourceTree = "<group>"; };
		A6CB36B3232AD67600ADFAE4 /* vshader_ctm.glsl */ = {isa = PBXFileReference; lastKnownFileType = text; path = vshader_ctm.glsl; sourceTree = "<group>"; };
		A6CB36B6232AD68200ADFAE4 /* triangle_ctm.c */ = {isa = PBXFileReference; fileEncoding = 4; lastKnownFileType = sourcecode.c.c; path = triangle_ctm.c; sourceTree = SOURCE_ROOT; };
		A6EE5A72231EDADF00223C48 /* OpenGL.framework */ = {isa = PBXFileReference; lastKnownFileType = wrapper.framework; name = OpenGL.framework; path = System/Library/Frameworks/OpenGL.framework; sourceTree = SDKROOT; };
		A6EE5A74231EDAE300223C48 /* GLUT.framework */ = {isa = PBXFileReference; lastKnownFileType = wrapper.framework; name = GLUT.framework; path = System/Library/Frameworks/GLUT.framework; sourceTree = SDKROOT; };
/* End PBXFileReference section */

/* Begin PBXFrameworksBuildPhase section */
		A612CDFC233502C4005424BA /* Frameworks */ = {
			isa = PBXFrameworksBuildPhase;
			buildActionMask = 2147483647;
			files = (
				A612CDFD233502C4005424BA /* GLUT.framework in Frameworks */,
				A612CDFE233502C4005424BA /* OpenGL.framework in Frameworks */,
			);
			runOnlyForDeploymentPostprocessing = 0;
		};
/* End PBXFrameworksBuildPhase section */

/* Begin PBXGroup section */
		A6EE5A5C231EDA9A00223C48 = {
			isa = PBXGroup;
			children = (
				A684795F233537DC00055B67 /* lab3.c */,
				A6847960233537DC00055B67 /* lab3.h */,
				A6CB36B2232AD67600ADFAE4 /* fshader_ctm.glsl */,
				A6CB36B3232AD67600ADFAE4 /* vshader_ctm.glsl */,
				A6EE5A67231EDA9A00223C48 /* lab3 */,
				A6EE5A66231EDA9A00223C48 /* Products */,
				A6EE5A71231EDADF00223C48 /* Frameworks */,
			);
			sourceTree = "<group>";
		};
		A6EE5A66231EDA9A00223C48 /* Products */ = {
			isa = PBXGroup;
			children = (
				A612CE05233502C4005424BA /* lab3 */,
			);
			name = Products;
			sourceTree = "<group>";
		};
		A6EE5A67231EDA9A00223C48 /* lab3 */ = {
			isa = PBXGroup;
			children = (
				A6CB36B6232AD68200ADFAE4 /* triangle_ctm.c */,
				A6293FC32326C14600DE8557 /* cone.c */,
				A6293FC02326C14500DE8557 /* fshader.glsl */,
				A6293FC12326C14500DE8557 /* initShader.c */,
				A6293FC42326C14600DE8557 /* initShader.h */,
				A6293FC22326C14600DE8557 /* vshader.glsl */,
			);
			path = lab3;
			sourceTree = "<group>";
		};
		A6EE5A71231EDADF00223C48 /* Frameworks */ = {
			isa = PBXGroup;
			children = (
				A6EE5A74231EDAE300223C48 /* GLUT.framework */,
				A6EE5A72231EDADF00223C48 /* OpenGL.framework */,
			);
			name = Frameworks;
			sourceTree = "<group>";
		};
/* End PBXGroup section */

/* Begin PBXNativeTarget section */
		A612CDF8233502C4005424BA /* lab3 */ = {
			isa = PBXNativeTarget;
			buildConfigurationList = A612CE02233502C4005424BA /* Build configuration list for PBXNativeTarget "lab3" */;
			buildPhases = (
				A612CDF9233502C4005424BA /* Sources */,
				A612CDFC233502C4005424BA /* Frameworks */,
				A612CDFF233502C4005424BA /* CopyFiles */,
			);
			buildRules = (
			);
			dependencies = (
			);
			name = lab3;
			productName = lab1;
			productReference = A612CE05233502C4005424BA /* lab3 */;
			productType = "com.apple.product-type.tool";
		};
/* End PBXNativeTarget section */

/* Begin PBXProject section */
		A6EE5A5D231EDA9A00223C48 /* Project object */ = {
			isa = PBXProject;
			attributes = {
				LastUpgradeCheck = 1030;
				ORGANIZATIONNAME = MatthewHrydil;
			};
			buildConfigurationList = A6EE5A60231EDA9A00223C48 /* Build configuration list for PBXProject "lab3" */;
			compatibilityVersion = "Xcode 9.3";
			developmentRegion = en;
			hasScannedForEncodings = 0;
			knownRegions = (
				en,
			);
			mainGroup = A6EE5A5C231EDA9A00223C48;
			productRefGroup = A6EE5A66231EDA9A00223C48 /* Products */;
			projectDirPath = "";
			projectRoot = "";
			targets = (
				A612CDF8233502C4005424BA /* lab3 */,
			);
		};
/* End PBXProject section */

/* Begin PBXSourcesBuildPhase section */
		A612CDF9233502C4005424BA /* Sources */ = {
			isa = PBXSourcesBuildPhase;
			buildActionMask = 2147483647;
			files = (
				A612CDFA233502C4005424BA /* initShader.c in Sources */,
				A66447B82335042200423FD0 /* cone.c in Sources */,
			);
			runOnlyForDeploymentPostprocessing = 0;
		};
/* End PBXSourcesBuildPhase section */

/* Begin XCBuildConfiguration section */
		A612CE03233502C4005424BA /* Debug */ = {
			isa = XCBuildConfiguration;
			buildSettings = {
				CODE_SIGN_STYLE = Automatic;
				PRODUCT_NAME = "$(TARGET_NAME)";
			};
			name = Debug;
		};
		A612CE04233502C4005424BA /* Release */ = {
			isa = XCBuildConfiguration;
			buildSettings = {
				CODE_SIGN_STYLE = Automatic;
				PRODUCT_NAME = "$(TARGET_NAME)";
			};
			name = Release;
		};
		A6EE5A6A231EDA9A00223C48 /* Debug */ = {
			isa = XCBuildConfiguration;
			buildSettings = {
				ALWAYS_SEARCH_USER_PATHS = NO;
				CLANG_ANALYZER_NONNULL = YES;
				CLANG_ANALYZER_NUMBER_OBJECT_CONVERSION = YES_AGGRESSIVE;
				CLANG_CXX_LANGUAGE_STANDARD = "gnu++14";
				CLANG_CXX_LIBRARY = "libc++";
				CLANG_ENABLE_MODULES = YES;
				CLANG_ENABLE_OBJC_ARC = YES;
				CLANG_ENABLE_OBJC_WEAK = YES;
				CLANG_WARN_BLOCK_CAPTURE_AUTORELEASING = YES;
				CLANG_WARN_BOOL_CONVERSION = YES;
				CLANG_WARN_COMMA = YES;
				CLANG_WARN_CONSTANT_CONVERSION = YES;
				CLANG_WARN_DEPRECATED_OBJC_IMPLEMENTATIONS = YES;
				CLANG_WARN_DIRECT_OBJC_ISA_USAGE = YES_ERROR;
				CLANG_WARN_DOCUMENTATION_COMMENTS = YES;
				CLANG_WARN_EMPTY_BODY = YES;
				CLANG_WARN_ENUM_CONVERSION = YES;
				CLANG_WARN_INFINITE_RECURSION = YES;
				CLANG_WARN_INT_CONVERSION = YES;
				CLANG_WARN_NON_LITERAL_NULL_CONVERSION = YES;
				CLANG_WARN_OBJC_IMPLICIT_RETAIN_SELF = YES;
				CLANG_WARN_OBJC_LITERAL_CONVERSION = YES;
				CLANG_WARN_OBJC_ROOT_CLASS = YES_ERROR;
				CLANG_WARN_RANGE_LOOP_ANALYSIS = YES;
				CLANG_WARN_STRICT_PROTOTYPES = YES;
				CLANG_WARN_SUSPICIOUS_MOVE = YES;
				CLANG_WARN_UNGUARDED_AVAILABILITY = YES_AGGRESSIVE;
				CLANG_WARN_UNREACHABLE_CODE = YES;
				CLANG_WARN__DUPLICATE_METHOD_MATCH = YES;
				CODE_SIGN_IDENTITY = "-";
				COPY_PHASE_STRIP = NO;
				DEBUG_INFORMATION_FORMAT = dwarf;
				ENABLE_STRICT_OBJC_MSGSEND = YES;
				ENABLE_TESTABILITY = YES;
				GCC_C_LANGUAGE_STANDARD = gnu11;
				GCC_DYNAMIC_NO_PIC = NO;
				GCC_NO_COMMON_BLOCKS = YES;
				GCC_OPTIMIZATION_LEVEL = 0;
				GCC_PREPROCESSOR_DEFINITIONS = (
					"DEBUG=1",
					"$(inherited)",
				);
				GCC_WARN_64_TO_32_BIT_CONVERSION = YES;
				GCC_WARN_ABOUT_RETURN_TYPE = YES_ERROR;
				GCC_WARN_UNDECLARED_SELECTOR = YES;
				GCC_WARN_UNINITIALIZED_AUTOS = YES_AGGRESSIVE;
				GCC_WARN_UNUSED_FUNCTION = YES;
				GCC_WARN_UNUSED_VARIABLE = YES;
				MACOSX_DEPLOYMENT_TARGET = 10.14;
				MTL_ENABLE_DEBUG_INFO = INCLUDE_SOURCE;
				MTL_FAST_MATH = YES;
				ONLY_ACTIVE_ARCH = YES;
				SDKROOT = macosx;
			};
			name = Debug;
		};
		A6EE5A6B231EDA9A00223C48 /* Release */ = {
			isa = XCBuildConfiguration;
			buildSettings = {
				ALWAYS_SEARCH_USER_PATHS = NO;
				CLANG_ANALYZER_NONNULL = YES;
				CLANG_ANALYZER_NUMBER_OBJECT_CONVERSION = YES_AGGRESSIVE;
				CLANG_CXX_LANGUAGE_STANDARD = "gnu++14";
				CLANG_CXX_LIBRARY = "libc++";
				CLANG_ENABLE_MODULES = YES;
				CLANG_ENABLE_OBJC_ARC = YES;
				CLANG_ENABLE_OBJC_WEAK = YES;
				CLANG_WARN_BLOCK_CAPTURE_AUTORELEASING = YES;
				CLANG_WARN_BOOL_CONVERSION = YES;
				CLANG_WARN_COMMA = YES;
				CLANG_WARN_CONSTANT_CONVERSION = YES;
				CLANG_WARN_DEPRECATED_OBJC_IMPLEMENTATIONS = YES;
				CLANG_WARN_DIRECT_OBJC_ISA_USAGE = YES_ERROR;
				CLANG_WARN_DOCUMENTATION_COMMENTS = YES;
				CLANG_WARN_EMPTY_BODY = YES;
				CLANG_WARN_ENUM_CONVERSION = YES;
				CLANG_WARN_INFINITE_RECURSION = YES;
				CLANG_WARN_INT_CONVERSION = YES;
				CLANG_WARN_NON_LITERAL_NULL_CONVERSION = YES;
				CLANG_WARN_OBJC_IMPLICIT_RETAIN_SELF = YES;
				CLANG_WARN_OBJC_LITERAL_CONVERSION = YES;
				CLANG_WARN_OBJC_ROOT_CLASS = YES_ERROR;
				CLANG_WARN_RANGE_LOOP_ANALYSIS = YES;
				CLANG_WARN_STRICT_PROTOTYPES = YES;
				CLANG_WARN_SUSPICIOUS_MOVE = YES;
				CLANG_WARN_UNGUARDED_AVAILABILITY = YES_AGGRESSIVE;
				CLANG_WARN_UNREACHABLE_CODE = YES;
				CLANG_WARN__DUPLICATE_METHOD_MATCH = YES;
				CODE_SIGN_IDENTITY = "-";
				COPY_PHASE_STRIP = NO;
				DEBUG_INFORMATION_FORMAT = "dwarf-with-dsym";
				ENABLE_NS_ASSERTIONS = NO;
				ENABLE_STRICT_OBJC_MSGSEND = YES;
				GCC_C_LANGUAGE_STANDARD = gnu11;
				GCC_NO_COMMON_BLOCKS = YES;
				GCC_WARN_64_TO_32_BIT_CONVERSION = YES;
				GCC_WARN_ABOUT_RETURN_TYPE = YES_ERROR;
				GCC_WARN_UNDECLARED_SELECTOR = YES;
				GCC_WARN_UNINITIALIZED_AUTOS = YES_AGGRESSIVE;
				GCC_WARN_UNUSED_FUNCTION = YES;
				GCC_WARN_UNUSED_VARIABLE = YES;
				MACOSX_DEPLOYMENT_TARGET = 10.14;
				MTL_ENABLE_DEBUG_INFO = NO;
				MTL_FAST_MATH = YES;
				SDKROOT = macosx;
			};
			name = Release;
		};
/* End XCBuildConfiguration section */

/* Begin XCConfigurationList section */
		A612CE02233502C4005424BA /* Build configuration list for PBXNativeTarget "lab3" */ = {
			isa = XCConfigurationList;
			buildConfigurations = (
				A612CE03233502C4005424BA /* Debug */,
				A612CE04233502C4005424BA /* Release */,
			);
			defaultConfigurationIsVisible = 0;
			defaultConfigurationName = Release;
		};
		A6EE5A60231EDA9A00223C48 /* Build configuration list for PBXProject "lab3" */ = {
			isa = XCConfigurationList;
			buildConfigurations = (
				A6EE5A6A231EDA9A00223C48 /* Debug */,
				A6EE5A6B231EDA9A00223C48 /* Release */,
			);
			defaultConfigurationIsVisible = 0;
			defaultConfigurationName = Release;
		};
/* End XCConfigurationList section */
	};
	rootObject = A6EE5A5D231EDA9A00223C48 /* Project object */;
}
